
Microsoft Visual Studio Solution File, Format Version 12.00
# Visual Studio Version 17
VisualStudioVersion = 17.13.35617.110 d17.13
MinimumVisualStudioVersion = 10.0.40219.1
Project("{FAE04EC0-301F-11D3-BF4B-00C04F79EFBC}") = "JsonApiSerializer", "JsonApiSerializer.System.Text.Json\JsonApiSerializer.csproj", "{0C129F9A-5010-4D41-8D5D-854C5A05177E}"
EndProject
Project("{FAE04EC0-301F-11D3-BF4B-00C04F79EFBC}") = "JsonApiSerializer.Abstraction", "JsonApiSerializer.System.Text.Json.Abstraction\JsonApiSerializer.Abstraction.csproj", "{0CA17A33-13C4-459E-92EA-75FBC9564228}"
EndProject
Global
	GlobalSection(SolutionConfigurationPlatforms) = preSolution
		Debug|Any CPU = Debug|Any CPU
		Release|Any CPU = Release|Any CPU
	EndGlobalSection
	GlobalSection(ProjectConfigurationPlatforms) = postSolution
		{0C129F9A-5010-4D41-8D5D-854C5A05177E}.Debug|Any CPU.ActiveCfg = Debug|Any CPU
		{0C129F9A-5010-4D41-8D5D-854C5A05177E}.Debug|Any CPU.Build.0 = Debug|Any CPU
		{0C129F9A-5010-4D41-8D5D-854C5A05177E}.Release|Any CPU.ActiveCfg = Release|Any CPU
		{0C129F9A-5010-4D41-8D5D-854C5A05177E}.Release|Any CPU.Build.0 = Release|Any CPU
		{0CA17A33-13C4-459E-92EA-75FBC9564228}.Debug|Any CPU.ActiveCfg = Debug|Any CPU
		{0CA17A33-13C4-459E-92EA-75FBC9564228}.Debug|Any CPU.Build.0 = Debug|Any CPU
		{0CA17A33-13C4-459E-92EA-75FBC9564228}.Release|Any CPU.ActiveCfg = Release|Any CPU
		{0CA17A33-13C4-459E-92EA-75FBC9564228}.Release|Any CPU.Build.0 = Release|Any CPU
	EndGlobalSection
	GlobalSection(SolutionProperties) = preSolution
		HideSolutionNode = FALSE
	EndGlobalSection
	GlobalSection(ExtensibilityGlobals) = postSolution
		SolutionGuid = {5F98CEDB-B20B-49A8-BE33-B87FC7A7E6C3}
	EndGlobalSection
EndGlobal
